
Microsoft Visual Studio Solution File, Format Version 12.00
# Visual Studio Version 16
VisualStudioVersion = 16.0.29609.76
MinimumVisualStudioVersion = 10.0.40219.1
Project("{9A19103F-16F7-4668-BE54-9A1E7A4F7556}") = "SoundCore", "SoundCore\SoundCore.csproj", "{2A564086-349B-4631-831B-EA82DD77B256}"
EndProject
Project("{2150E333-8FDC-42A3-9474-1A3956D46DE8}") = "demo", "demo", "{53A0B1BB-9A37-4E2B-82FA-B0EFF5177829}"
EndProject
Project("{9A19103F-16F7-4668-BE54-9A1E7A4F7556}") = "SC.Play", "demo\SC.Play\SC.Play.csproj", "{BBE0F569-478B-4557-939F-C01A452BFA6C}"
EndProject
Project("{9A19103F-16F7-4668-BE54-9A1E7A4F7556}") = "SC.Record", "demo\SC.Record\SC.Record.csproj", "{E1D3C56B-5CE8-4E2B-8BC8-8C111DA466F7}"
EndProject
Project("{9A19103F-16F7-4668-BE54-9A1E7A4F7556}") = "SC.ListDevices", "demo\SC.ListDevices\SC.ListDevices.csproj", "{58B90CE3-C135-45D2-B715-D6A553066A33}"
EndProject
Global
	GlobalSection(SolutionConfigurationPlatforms) = preSolution
		Debug|Any CPU = Debug|Any CPU
		Release|Any CPU = Release|Any CPU
	EndGlobalSection
	GlobalSection(ProjectConfigurationPlatforms) = postSolution
		{2A564086-349B-4631-831B-EA82DD77B256}.Debug|Any CPU.ActiveCfg = Debug|Any CPU
		{2A564086-349B-4631-831B-EA82DD77B256}.Debug|Any CPU.Build.0 = Debug|Any CPU
		{2A564086-349B-4631-831B-EA82DD77B256}.Release|Any CPU.ActiveCfg = Release|Any CPU
		{2A564086-349B-4631-831B-EA82DD77B256}.Release|Any CPU.Build.0 = Release|Any CPU
		{BBE0F569-478B-4557-939F-C01A452BFA6C}.Debug|Any CPU.ActiveCfg = Debug|Any CPU
		{BBE0F569-478B-4557-939F-C01A452BFA6C}.Debug|Any CPU.Build.0 = Debug|Any CPU
		{BBE0F569-478B-4557-939F-C01A452BFA6C}.Release|Any CPU.ActiveCfg = Release|Any CPU
		{BBE0F569-478B-4557-939F-C01A452BFA6C}.Release|Any CPU.Build.0 = Release|Any CPU
		{E1D3C56B-5CE8-4E2B-8BC8-8C111DA466F7}.Debug|Any CPU.ActiveCfg = Debug|Any CPU
		{E1D3C56B-5CE8-4E2B-8BC8-8C111DA466F7}.Debug|Any CPU.Build.0 = Debug|Any CPU
		{E1D3C56B-5CE8-4E2B-8BC8-8C111DA466F7}.Release|Any CPU.ActiveCfg = Release|Any CPU
		{E1D3C56B-5CE8-4E2B-8BC8-8C111DA466F7}.Release|Any CPU.Build.0 = Release|Any CPU
		{58B90CE3-C135-45D2-B715-D6A553066A33}.Debug|Any CPU.ActiveCfg = Debug|Any CPU
		{58B90CE3-C135-45D2-B715-D6A553066A33}.Debug|Any CPU.Build.0 = Debug|Any CPU
		{58B90CE3-C135-45D2-B715-D6A553066A33}.Release|Any CPU.ActiveCfg = Release|Any CPU
		{58B90CE3-C135-45D2-B715-D6A553066A33}.Release|Any CPU.Build.0 = Release|Any CPU
	EndGlobalSection
	GlobalSection(SolutionProperties) = preSolution
		HideSolutionNode = FALSE
	EndGlobalSection
	GlobalSection(NestedProjects) = preSolution
		{BBE0F569-478B-4557-939F-C01A452BFA6C} = {53A0B1BB-9A37-4E2B-82FA-B0EFF5177829}
		{E1D3C56B-5CE8-4E2B-8BC8-8C111DA466F7} = {53A0B1BB-9A37-4E2B-82FA-B0EFF5177829}
		{58B90CE3-C135-45D2-B715-D6A553066A33} = {53A0B1BB-9A37-4E2B-82FA-B0EFF5177829}
	EndGlobalSection
	GlobalSection(ExtensibilityGlobals) = postSolution
		SolutionGuid = {5064678A-6547-4E00-9B3F-0309E825276C}
	EndGlobalSection
EndGlobal
