
Microsoft Visual Studio Solution File, Format Version 12.00
# Visual Studio Version 16
VisualStudioVersion = 16.0.30225.117
MinimumVisualStudioVersion = 10.0.40219.1
Project("{FAE04EC0-301F-11D3-BF4B-00C04F79EFBC}") = "OpenTKDemo", "OpenTKDemo\OpenTKDemo.csproj", "{DE9F4138-8B52-447E-B5D5-E3A4E9EBF214}"
EndProject
Global
	GlobalSection(SolutionConfigurationPlatforms) = preSolution
		Debug|Any CPU = Debug|Any CPU
		Release|Any CPU = Release|Any CPU
	EndGlobalSection
	GlobalSection(ProjectConfigurationPlatforms) = postSolution
		{DE9F4138-8B52-447E-B5D5-E3A4E9EBF214}.Debug|Any CPU.ActiveCfg = Debug|Any CPU
		{DE9F4138-8B52-447E-B5D5-E3A4E9EBF214}.Debug|Any CPU.Build.0 = Debug|Any CPU
		{DE9F4138-8B52-447E-B5D5-E3A4E9EBF214}.Release|Any CPU.ActiveCfg = Release|Any CPU
		{DE9F4138-8B52-447E-B5D5-E3A4E9EBF214}.Release|Any CPU.Build.0 = Release|Any CPU
	EndGlobalSection
	GlobalSection(SolutionProperties) = preSolution
		HideSolutionNode = FALSE
	EndGlobalSection
	GlobalSection(ExtensibilityGlobals) = postSolution
		SolutionGuid = {8F4E9EDC-0B01-4F43-999C-AD11CA0B5EAC}
	EndGlobalSection
EndGlobal
